
Microsoft Visual Studio Solution File, Format Version 12.00
# Visual Studio 15
VisualStudioVersion = 15.0.28307.102
MinimumVisualStudioVersion = 10.0.40219.1
Project("{2150E333-8FDC-42A3-9474-1A3956D46DE8}") = "Markdown files", "Markdown files", "{8650C898-6F55-4DBC-B682-10A16AFEA359}"
	ProjectSection(SolutionItems) = preProject
		README.md = README.md
	EndProjectSection
EndProject
Project("{D954291E-2A0B-460D-934E-DC6B0785DB48}") = "Distance.Translator.Shared", "Distance.Translator.Shared\Distance.Translator.Shared.shproj", "{0374D78A-6C00-4172-B7D2-04FC222212F2}"
EndProject
Project("{FAE04EC0-301F-11D3-BF4B-00C04F79EFBC}") = "Distance.Translator", "Distance.Translator\Distance.Translator.csproj", "{6934DD79-1929-4315-BFF8-6F510E21690E}"
EndProject
Project("{2150E333-8FDC-42A3-9474-1A3956D46DE8}") = "Include", "Include", "{12EF7119-5447-4A4D-8F87-79698EC90F84}"
	ProjectSection(SolutionItems) = preProject
		..\..\Steam\steamapps\common\Distance\Distance_Data\Spectrum\Plugins\Distance Translator\Settings\Languages\En-en.json = ..\..\Steam\steamapps\common\Distance\Distance_Data\Spectrum\Plugins\Distance Translator\Settings\Languages\En-en.json
	EndProjectSection
EndProject
Global
	GlobalSection(Performance) = preSolution
		HasPerformanceSessions = true
	EndGlobalSection
	GlobalSection(SharedMSBuildProjectFiles) = preSolution
		Distance.Translator.Shared\Distance.Translator.Shared.projitems*{0374d78a-6c00-4172-b7d2-04fc222212f2}*SharedItemsImports = 13
		Distance.Translator.Shared\Distance.Translator.Shared.projitems*{6934dd79-1929-4315-bff8-6f510e21690e}*SharedItemsImports = 4
	EndGlobalSection
	GlobalSection(SolutionConfigurationPlatforms) = preSolution
		Debug|Any CPU = Debug|Any CPU
		Release|Any CPU = Release|Any CPU
	EndGlobalSection
	GlobalSection(ProjectConfigurationPlatforms) = postSolution
		{6934DD79-1929-4315-BFF8-6F510E21690E}.Debug|Any CPU.ActiveCfg = Debug|Any CPU
		{6934DD79-1929-4315-BFF8-6F510E21690E}.Debug|Any CPU.Build.0 = Debug|Any CPU
		{6934DD79-1929-4315-BFF8-6F510E21690E}.Release|Any CPU.ActiveCfg = Release|Any CPU
		{6934DD79-1929-4315-BFF8-6F510E21690E}.Release|Any CPU.Build.0 = Release|Any CPU
	EndGlobalSection
	GlobalSection(SolutionProperties) = preSolution
		HideSolutionNode = FALSE
	EndGlobalSection
	GlobalSection(ExtensibilityGlobals) = postSolution
		SolutionGuid = {AEBDD290-F4FD-4755-82D7-29D7DFFF6184}
	EndGlobalSection
EndGlobal
