
Microsoft Visual Studio Solution File, Format Version 12.00
# Visual Studio 14
VisualStudioVersion = 14.0.25420.1
MinimumVisualStudioVersion = 10.0.40219.1
Project("{2150E333-8FDC-42A3-9474-1A3956D46DE8}") = "Referenced Assemblies", "Referenced Assemblies", "{3207463A-D4B8-40ED-B356-80BB6649048F}"
	ProjectSection(SolutionItems) = preProject
		Referenced Assemblies\0Harmony.dll = Referenced Assemblies\0Harmony.dll
		Referenced Assemblies\Assembly-CSharp.dll = Referenced Assemblies\Assembly-CSharp.dll
		Referenced Assemblies\JsonFx.dll = Referenced Assemblies\JsonFx.dll
		Referenced Assemblies\Spectrum.API.dll = Referenced Assemblies\Spectrum.API.dll
		Referenced Assemblies\Spectrum.Interop.dll = Referenced Assemblies\Spectrum.Interop.dll
		Referenced Assemblies\Spectrum.Manager.dll = Referenced Assemblies\Spectrum.Manager.dll
		Referenced Assemblies\UnityEngine.dll = Referenced Assemblies\UnityEngine.dll
		Referenced Assemblies\UnityEngine.UI.dll = Referenced Assemblies\UnityEngine.UI.dll
	EndProjectSection
EndProject
Project("{FAE04EC0-301F-11D3-BF4B-00C04F79EFBC}") = "Distance.Translator", "Distance.Translator\Distance.Translator.csproj", "{212EDCFB-EFB5-424E-985F-6C464D1967C2}"
EndProject
Project("{FAE04EC0-301F-11D3-BF4B-00C04F79EFBC}") = "Options.Menu", "Options.Menu\Options.Menu.csproj", "{778817BC-393A-43ED-B62C-CFD9ED29D4C3}"
EndProject
Global
	GlobalSection(SolutionConfigurationPlatforms) = preSolution
		Debug|Any CPU = Debug|Any CPU
		Release|Any CPU = Release|Any CPU
	EndGlobalSection
	GlobalSection(ProjectConfigurationPlatforms) = postSolution
		{212EDCFB-EFB5-424E-985F-6C464D1967C2}.Debug|Any CPU.ActiveCfg = Debug|Any CPU
		{212EDCFB-EFB5-424E-985F-6C464D1967C2}.Debug|Any CPU.Build.0 = Debug|Any CPU
		{212EDCFB-EFB5-424E-985F-6C464D1967C2}.Release|Any CPU.ActiveCfg = Release|Any CPU
		{212EDCFB-EFB5-424E-985F-6C464D1967C2}.Release|Any CPU.Build.0 = Release|Any CPU
		{778817BC-393A-43ED-B62C-CFD9ED29D4C3}.Debug|Any CPU.ActiveCfg = Debug|Any CPU
		{778817BC-393A-43ED-B62C-CFD9ED29D4C3}.Debug|Any CPU.Build.0 = Debug|Any CPU
		{778817BC-393A-43ED-B62C-CFD9ED29D4C3}.Release|Any CPU.ActiveCfg = Release|Any CPU
		{778817BC-393A-43ED-B62C-CFD9ED29D4C3}.Release|Any CPU.Build.0 = Release|Any CPU
	EndGlobalSection
	GlobalSection(SolutionProperties) = preSolution
		HideSolutionNode = FALSE
	EndGlobalSection
EndGlobal
